
Microsoft Visual Studio Solution File, Format Version 12.00
# Visual Studio 15
VisualStudioVersion = 15.0.27703.2042
MinimumVisualStudioVersion = 10.0.40219.1
Project("{FAE04EC0-301F-11D3-BF4B-00C04F79EFBC}") = "TimerFix", "TimerFix\TimerFix.csproj", "{B750739F-4B38-4CF6-8704-DAA035F92090}"
EndProject
Project("{FAE04EC0-301F-11D3-BF4B-00C04F79EFBC}") = "Test", "Test\Test.csproj", "{9755071A-5C7D-4E1C-8D95-794AFAACDC47}"
EndProject
Global
	GlobalSection(SolutionConfigurationPlatforms) = preSolution
		Debug|Any CPU = Debug|Any CPU
		Release|Any CPU = Release|Any CPU
	EndGlobalSection
	GlobalSection(ProjectConfigurationPlatforms) = postSolution
		{B750739F-4B38-4CF6-8704-DAA035F92090}.Debug|Any CPU.ActiveCfg = Debug|Any CPU
		{B750739F-4B38-4CF6-8704-DAA035F92090}.Debug|Any CPU.Build.0 = Debug|Any CPU
		{B750739F-4B38-4CF6-8704-DAA035F92090}.Release|Any CPU.ActiveCfg = Release|Any CPU
		{B750739F-4B38-4CF6-8704-DAA035F92090}.Release|Any CPU.Build.0 = Release|Any CPU
		{9755071A-5C7D-4E1C-8D95-794AFAACDC47}.Debug|Any CPU.ActiveCfg = Debug|Any CPU
		{9755071A-5C7D-4E1C-8D95-794AFAACDC47}.Debug|Any CPU.Build.0 = Debug|Any CPU
		{9755071A-5C7D-4E1C-8D95-794AFAACDC47}.Release|Any CPU.ActiveCfg = Release|Any CPU
		{9755071A-5C7D-4E1C-8D95-794AFAACDC47}.Release|Any CPU.Build.0 = Release|Any CPU
	EndGlobalSection
	GlobalSection(SolutionProperties) = preSolution
		HideSolutionNode = FALSE
	EndGlobalSection
	GlobalSection(ExtensibilityGlobals) = postSolution
		SolutionGuid = {88FE9EE0-BA76-4080-8FD0-7A6FBE8B284F}
	EndGlobalSection
EndGlobal
